// !$*UTF8*$!
{
	archiveVersion = 1;
	classes = {
	};
	objectVersion = 46;
	objects = {

/* Begin PBXAggregateTarget section */
		52316FB61939629F00512C74 /* Generate Appledoc */ = {
			isa = PBXAggregateTarget;
			buildConfigurationList = 52316FB91939629F00512C74 /* Build configuration list for PBXAggregateTarget "Generate Appledoc" */;
			buildPhases = (
				52316FBA193962AB00512C74 /* ShellScript */,
			);
			dependencies = (
			);
			name = "Generate Appledoc";
			productName = "Generate Appledoc";
		};
/* End PBXAggregateTarget section */

/* Begin PBXBuildFile section */
		2F6B5991196CA72E000CC6E8 /* PTDBleDevice.m in Sources */ = {isa = PBXBuildFile; fileRef = 524E2B8C195A0C10007FE17D /* PTDBleDevice.m */; };
		2FB1B35E1975E29600903F59 /* PTDBleDevice.h in Headers */ = {isa = PBXBuildFile; fileRef = 2FB1B35D1975E29600903F59 /* PTDBleDevice.h */; };
		363A1A881C8A329500B005BD /* TestBeanHelpers.m in Sources */ = {isa = PBXBuildFile; fileRef = 363A1A871C8A329500B005BD /* TestBeanHelpers.m */; };
		364BD51F1C8F46E40065893B /* BEAN_Helper.m in Sources */ = {isa = PBXBuildFile; fileRef = 52D34E9218A9B890002F0C59 /* BEAN_Helper.m */; };
		364BD5201C8F46E50065893B /* BEAN_Helper.m in Sources */ = {isa = PBXBuildFile; fileRef = 52D34E9218A9B890002F0C59 /* BEAN_Helper.m */; };
		364BD5231C8F46F80065893B /* PTDFirmwareHelper.h in Headers */ = {isa = PBXBuildFile; fileRef = 364BD5211C8F46F80065893B /* PTDFirmwareHelper.h */; };
		364BD5241C8F46F80065893B /* PTDFirmwareHelper.m in Sources */ = {isa = PBXBuildFile; fileRef = 364BD5221C8F46F80065893B /* PTDFirmwareHelper.m */; };
		364BD5271C8F47690065893B /* PTDUtils.h in Headers */ = {isa = PBXBuildFile; fileRef = 364BD5251C8F47690065893B /* PTDUtils.h */; };
		364BD5281C8F47690065893B /* PTDUtils.m in Sources */ = {isa = PBXBuildFile; fileRef = 364BD5261C8F47690065893B /* PTDUtils.m */; };
		36539CB31C7CEB4C00F4926F /* PTDIntelHex.h in Headers */ = {isa = PBXBuildFile; fileRef = 36539CB11C7CEB4C00F4926F /* PTDIntelHex.h */; };
		36539CB41C7CEB4C00F4926F /* PTDIntelHex.m in Sources */ = {isa = PBXBuildFile; fileRef = 36539CB21C7CEB4C00F4926F /* PTDIntelHex.m */; };
		36539CB71C7CEB5700F4926F /* PTDIntelHexLine.h in Headers */ = {isa = PBXBuildFile; fileRef = 36539CB51C7CEB5700F4926F /* PTDIntelHexLine.h */; };
		36539CB81C7CEB5700F4926F /* PTDIntelHexLine.m in Sources */ = {isa = PBXBuildFile; fileRef = 36539CB61C7CEB5700F4926F /* PTDIntelHexLine.m */; };
		36539CBA1C7CEFE400F4926F /* TestPTDIntelHex.m in Sources */ = {isa = PBXBuildFile; fileRef = 36539CB91C7CEFE400F4926F /* TestPTDIntelHex.m */; };
		36539CBD1C7D18D000F4926F /* IntelHexBinary.bin in Resources */ = {isa = PBXBuildFile; fileRef = 36539CBB1C7D18D000F4926F /* IntelHexBinary.bin */; };
		36539CBE1C7D18D000F4926F /* IntelHexSource.hex in Resources */ = {isa = PBXBuildFile; fileRef = 36539CBC1C7D18D000F4926F /* IntelHexSource.hex */; };
		36B669B41C7F88D800E3CC36 /* TestStatelessUtils.m in Sources */ = {isa = PBXBuildFile; fileRef = 36B669B31C7F88D800E3CC36 /* TestStatelessUtils.m */; };
		36DCC8B41C8A227700BCB3C5 /* PTDHardwareLookup.h in Headers */ = {isa = PBXBuildFile; fileRef = 36DCC8B21C8A227700BCB3C5 /* PTDHardwareLookup.h */; };
		36DCC8B51C8A227700BCB3C5 /* PTDHardwareLookup.m in Sources */ = {isa = PBXBuildFile; fileRef = 36DCC8B31C8A227700BCB3C5 /* PTDHardwareLookup.m */; };
		36DCC8B71C8A251B00BCB3C5 /* TestPTDHardwareLookup.m in Sources */ = {isa = PBXBuildFile; fileRef = 36DCC8B61C8A251B00BCB3C5 /* TestPTDHardwareLookup.m */; };
		36DD088A1C8F8AC700E06214 /* BeanContainer.m in Sources */ = {isa = PBXBuildFile; fileRef = 4B47A94F596638ED2BF707B4 /* BeanContainer.m */; };
		36DD088B1C8F8AC700E06214 /* StatelessUtils.m in Sources */ = {isa = PBXBuildFile; fileRef = 4B47A3497E527B70A3B023A4 /* StatelessUtils.m */; };
		36DD088F1C8F8AC700E06214 /* IOBluetooth.framework in Frameworks */ = {isa = PBXBuildFile; fileRef = 52DE25C018AAC53900E69929 /* IOBluetooth.framework */; };
		36DD08901C8F8AC700E06214 /* OCMock.framework in Frameworks */ = {isa = PBXBuildFile; fileRef = 525AB3DD1B7E7525007D6DE1 /* OCMock.framework */; };
		36DD08911C8F8AC700E06214 /* Cocoa.framework in Frameworks */ = {isa = PBXBuildFile; fileRef = 52D34E2718A9B455002F0C59 /* Cocoa.framework */; };
		36DD08921C8F8AC700E06214 /* libBean OSX Library.a in Frameworks */ = {isa = PBXBuildFile; fileRef = 52D34E2418A9B455002F0C59 /* libBean OSX Library.a */; };
		36DD08941C8F8AC700E06214 /* IntelHexBinary.bin in Resources */ = {isa = PBXBuildFile; fileRef = 36539CBB1C7D18D000F4926F /* IntelHexBinary.bin */; };
		36DD08951C8F8AC700E06214 /* Firmware Images in Resources */ = {isa = PBXBuildFile; fileRef = A99DECCF1C7F4B32007F506D /* Firmware Images */; };
		36DD08961C8F8AC700E06214 /* blink.hex in Resources */ = {isa = PBXBuildFile; fileRef = A94C7A6A1C7CC89B0018A161 /* blink.hex */; };
		36DD08971C8F8AC700E06214 /* InfoPlist.strings in Resources */ = {isa = PBXBuildFile; fileRef = 52D34E4118A9B455002F0C59 /* InfoPlist.strings */; };
		36DD08981C8F8AC700E06214 /* IntelHexSource.hex in Resources */ = {isa = PBXBuildFile; fileRef = 36539CBC1C7D18D000F4926F /* IntelHexSource.hex */; };
		36DD089E1C8F8AF400E06214 /* TestBeanFeatures.m in Sources */ = {isa = PBXBuildFile; fileRef = 4B47ABC5CF3064F79F555688 /* TestBeanFeatures.m */; };
		4B47ABED67A694D6E47F3BBB /* BeanContainer.m in Sources */ = {isa = PBXBuildFile; fileRef = 4B47A94F596638ED2BF707B4 /* BeanContainer.m */; };
		4B47AE1E869A421D22D6E284 /* StatelessUtils.m in Sources */ = {isa = PBXBuildFile; fileRef = 4B47A3497E527B70A3B023A4 /* StatelessUtils.m */; };
		520A7E141AA0034500CB5B80 /* CBPeripheral+RSSI_Universal.h in Headers */ = {isa = PBXBuildFile; fileRef = 520A7E121AA0034500CB5B80 /* CBPeripheral+RSSI_Universal.h */; };
		520A7E151AA0034500CB5B80 /* CBPeripheral+RSSI_Universal.m in Sources */ = {isa = PBXBuildFile; fileRef = 520A7E131AA0034500CB5B80 /* CBPeripheral+RSSI_Universal.m */; };
		520A7E161AA0034500CB5B80 /* CBPeripheral+RSSI_Universal.m in Sources */ = {isa = PBXBuildFile; fileRef = 520A7E131AA0034500CB5B80 /* CBPeripheral+RSSI_Universal.m */; };
		520C8ED7191BF0EC0086C530 /* BleProfile.m in Sources */ = {isa = PBXBuildFile; fileRef = 520C8ED6191BF0EC0086C530 /* BleProfile.m */; };
		520C8EDE191C31780086C530 /* NSData+CRC.m in Sources */ = {isa = PBXBuildFile; fileRef = 521A4E9C19103E5F005B3097 /* NSData+CRC.m */; };
		520C8EE0191C31970086C530 /* BleProfile.m in Sources */ = {isa = PBXBuildFile; fileRef = 520C8ED6191BF0EC0086C530 /* BleProfile.m */; };
		521A4E9D19103E5F005B3097 /* NSData+CRC.m in Sources */ = {isa = PBXBuildFile; fileRef = 521A4E9C19103E5F005B3097 /* NSData+CRC.m */; };
		524E2B8D195A0C10007FE17D /* PTDBleDevice.h in Headers */ = {isa = PBXBuildFile; fileRef = 524E2B8B195A0C10007FE17D /* PTDBleDevice.h */; };
		524E2B8E195A0C10007FE17D /* PTDBleDevice.m in Sources */ = {isa = PBXBuildFile; fileRef = 524E2B8C195A0C10007FE17D /* PTDBleDevice.m */; };
		525AB3DE1B7E7525007D6DE1 /* OCMock.framework in Frameworks */ = {isa = PBXBuildFile; fileRef = 525AB3DD1B7E7525007D6DE1 /* OCMock.framework */; };
		525AB3E01B7E8135007D6DE1 /* PTDBleDevice+Protected.h in Headers */ = {isa = PBXBuildFile; fileRef = 525AB3DF1B7E8135007D6DE1 /* PTDBleDevice+Protected.h */; };
		526966CC1B7E70030059CE7E /* Cocoa.framework in Frameworks */ = {isa = PBXBuildFile; fileRef = 52D34E2718A9B455002F0C59 /* Cocoa.framework */; };
		52BB1B621A2FDAE1003135A5 /* PTDBeanRemoteFirmwareVersionManager.h in Headers */ = {isa = PBXBuildFile; fileRef = 52BB1B601A2FDAE1003135A5 /* PTDBeanRemoteFirmwareVersionManager.h */; };
		52BB1B631A2FDAE1003135A5 /* PTDBeanRemoteFirmwareVersionManager.m in Sources */ = {isa = PBXBuildFile; fileRef = 52BB1B611A2FDAE1003135A5 /* PTDBeanRemoteFirmwareVersionManager.m */; };
		52BB1B641A2FDAE1003135A5 /* PTDBeanRemoteFirmwareVersionManager.m in Sources */ = {isa = PBXBuildFile; fileRef = 52BB1B611A2FDAE1003135A5 /* PTDBeanRemoteFirmwareVersionManager.m */; };
		52BC523718D96A610083A031 /* AppMessagingLayer.m in Sources */ = {isa = PBXBuildFile; fileRef = 52BC523618D96A610083A031 /* AppMessagingLayer.m */; };
		52BF98A119352E59008DCA31 /* BatteryProfile.h in Headers */ = {isa = PBXBuildFile; fileRef = 52BF989F19352E59008DCA31 /* BatteryProfile.h */; };
		52BF98A219352E59008DCA31 /* BatteryProfile.m in Sources */ = {isa = PBXBuildFile; fileRef = 52BF98A019352E59008DCA31 /* BatteryProfile.m */; };
		52D34E2818A9B455002F0C59 /* Cocoa.framework in Frameworks */ = {isa = PBXBuildFile; fileRef = 52D34E2718A9B455002F0C59 /* Cocoa.framework */; };
		52D34E3D18A9B455002F0C59 /* libBean OSX Library.a in Frameworks */ = {isa = PBXBuildFile; fileRef = 52D34E2418A9B455002F0C59 /* libBean OSX Library.a */; };
		52D34E4318A9B455002F0C59 /* InfoPlist.strings in Resources */ = {isa = PBXBuildFile; fileRef = 52D34E4118A9B455002F0C59 /* InfoPlist.strings */; };
		52D34EAF18A9B890002F0C59 /* CBPeripheral+UniqueId.m in Sources */ = {isa = PBXBuildFile; fileRef = 52D34E8F18A9B890002F0C59 /* CBPeripheral+UniqueId.m */; };
		52D34EB318A9B890002F0C59 /* DevInfoProfile.m in Sources */ = {isa = PBXBuildFile; fileRef = 52D34E9618A9B890002F0C59 /* DevInfoProfile.m */; };
		52D34EB518A9B890002F0C59 /* GattSerialProfile.m in Sources */ = {isa = PBXBuildFile; fileRef = 52D34E9918A9B890002F0C59 /* GattSerialProfile.m */; };
		52D34EB718A9B890002F0C59 /* GattPacket.m in Sources */ = {isa = PBXBuildFile; fileRef = 52D34E9C18A9B890002F0C59 /* GattPacket.m */; };
		52D34EB918A9B890002F0C59 /* GattSerialMessage.m in Sources */ = {isa = PBXBuildFile; fileRef = 52D34E9E18A9B890002F0C59 /* GattSerialMessage.m */; };
		52D34EBB18A9B890002F0C59 /* GattSerialMessageRxAssembler.m in Sources */ = {isa = PBXBuildFile; fileRef = 52D34EA018A9B890002F0C59 /* GattSerialMessageRxAssembler.m */; };
		52D34EBD18A9B890002F0C59 /* GattSerialTransport.m in Sources */ = {isa = PBXBuildFile; fileRef = 52D34EA218A9B890002F0C59 /* GattSerialTransport.m */; };
		52D34EBF18A9B890002F0C59 /* GattTransport.m in Sources */ = {isa = PBXBuildFile; fileRef = 52D34EA418A9B890002F0C59 /* GattTransport.m */; };
		52D34EC218A9B890002F0C59 /* OadProfile.m in Sources */ = {isa = PBXBuildFile; fileRef = 52D34EA818A9B890002F0C59 /* OadProfile.m */; };
		52DE25C118AAC53900E69929 /* IOBluetooth.framework in Frameworks */ = {isa = PBXBuildFile; fileRef = 52DE25C018AAC53900E69929 /* IOBluetooth.framework */; };
		96506ECA1937E82A00D02440 /* BatteryProfile.m in Sources */ = {isa = PBXBuildFile; fileRef = 52BF98A019352E59008DCA31 /* BatteryProfile.m */; };
		969B897F1908971000AA093C /* AppMessagingLayer.m in Sources */ = {isa = PBXBuildFile; fileRef = 52BC523618D96A610083A031 /* AppMessagingLayer.m */; };
		969B89811908971000AA093C /* CBPeripheral+UniqueId.m in Sources */ = {isa = PBXBuildFile; fileRef = 52D34E8F18A9B890002F0C59 /* CBPeripheral+UniqueId.m */; };
		969B89851908971000AA093C /* DevInfoProfile.m in Sources */ = {isa = PBXBuildFile; fileRef = 52D34E9618A9B890002F0C59 /* DevInfoProfile.m */; };
		969B89871908971000AA093C /* GattSerialProfile.m in Sources */ = {isa = PBXBuildFile; fileRef = 52D34E9918A9B890002F0C59 /* GattSerialProfile.m */; };
		969B898B1908971000AA093C /* GattSerialTransport.m in Sources */ = {isa = PBXBuildFile; fileRef = 52D34EA218A9B890002F0C59 /* GattSerialTransport.m */; };
		969B898D1908971000AA093C /* GattSerialMessage.m in Sources */ = {isa = PBXBuildFile; fileRef = 52D34E9E18A9B890002F0C59 /* GattSerialMessage.m */; };
		969B898F1908971000AA093C /* GattSerialMessageRxAssembler.m in Sources */ = {isa = PBXBuildFile; fileRef = 52D34EA018A9B890002F0C59 /* GattSerialMessageRxAssembler.m */; };
		969B89911908971000AA093C /* GattTransport.m in Sources */ = {isa = PBXBuildFile; fileRef = 52D34EA418A9B890002F0C59 /* GattTransport.m */; };
		969B89931908971000AA093C /* GattPacket.m in Sources */ = {isa = PBXBuildFile; fileRef = 52D34E9C18A9B890002F0C59 /* GattPacket.m */; };
		969B89961908971000AA093C /* OadProfile.m in Sources */ = {isa = PBXBuildFile; fileRef = 52D34EA818A9B890002F0C59 /* OadProfile.m */; };
		969FDE97191A9DE80068B99A /* PTDBean.m in Sources */ = {isa = PBXBuildFile; fileRef = 969FDE94191A9DE80068B99A /* PTDBean.m */; };
		969FDE98191A9DE80068B99A /* PTDBeanManager.m in Sources */ = {isa = PBXBuildFile; fileRef = 969FDE95191A9DE80068B99A /* PTDBeanManager.m */; };
		969FDE99191A9DE80068B99A /* PTDBeanRadioConfig.m in Sources */ = {isa = PBXBuildFile; fileRef = 969FDE96191A9DE80068B99A /* PTDBeanRadioConfig.m */; };
		969FDE9A191A9E190068B99A /* PTDBean.m in Sources */ = {isa = PBXBuildFile; fileRef = 969FDE94191A9DE80068B99A /* PTDBean.m */; };
		969FDE9B191A9E1E0068B99A /* PTDBeanManager.m in Sources */ = {isa = PBXBuildFile; fileRef = 969FDE95191A9DE80068B99A /* PTDBeanManager.m */; };
		969FDE9C191A9E200068B99A /* PTDBeanRadioConfig.m in Sources */ = {isa = PBXBuildFile; fileRef = 969FDE96191A9DE80068B99A /* PTDBeanRadioConfig.m */; };
		A9448BF11C7B94DE0031DA2C /* IOBluetooth.framework in Frameworks */ = {isa = PBXBuildFile; fileRef = 52DE25C018AAC53900E69929 /* IOBluetooth.framework */; };
		A94C7A6B1C7CC89B0018A161 /* blink.hex in Resources */ = {isa = PBXBuildFile; fileRef = A94C7A6A1C7CC89B0018A161 /* blink.hex */; };
		A99DECD01C7F4B32007F506D /* Firmware Images in Resources */ = {isa = PBXBuildFile; fileRef = A99DECCF1C7F4B32007F506D /* Firmware Images */; };
/* End PBXBuildFile section */

/* Begin PBXContainerItemProxy section */
		36DD08861C8F8AC700E06214 /* PBXContainerItemProxy */ = {
			isa = PBXContainerItemProxy;
			containerPortal = 52D34E1C18A9B455002F0C59 /* Project object */;
			proxyType = 1;
			remoteGlobalIDString = 52D34E2318A9B455002F0C59;
			remoteInfo = "Bean OSX Library";
		};
		52D34E3B18A9B455002F0C59 /* PBXContainerItemProxy */ = {
			isa = PBXContainerItemProxy;
			containerPortal = 52D34E1C18A9B455002F0C59 /* Project object */;
			proxyType = 1;
			remoteGlobalIDString = 52D34E2318A9B455002F0C59;
			remoteInfo = "Bean OSX Library";
		};
/* End PBXContainerItemProxy section */

/* Begin PBXCopyFilesBuildPhase section */
		969B89461908951F00AA093C /* CopyFiles */ = {
			isa = PBXCopyFilesBuildPhase;
			buildActionMask = 2147483647;
			dstPath = "include/$(PRODUCT_NAME)";
			dstSubfolderSpec = 16;
			files = (
			);
			runOnlyForDeploymentPostprocessing = 0;
		};
/* End PBXCopyFilesBuildPhase section */

/* Begin PBXFileReference section */
		2FB1B35D1975E29600903F59 /* PTDBleDevice.h */ = {isa = PBXFileReference; fileEncoding = 4; lastKnownFileType = sourcecode.c.h; path = PTDBleDevice.h; sourceTree = "<group>"; };
		363A1A871C8A329500B005BD /* TestBeanHelpers.m */ = {isa = PBXFileReference; fileEncoding = 4; lastKnownFileType = sourcecode.c.objc; path = TestBeanHelpers.m; sourceTree = "<group>"; };
		364BD5211C8F46F80065893B /* PTDFirmwareHelper.h */ = {isa = PBXFileReference; fileEncoding = 4; lastKnownFileType = sourcecode.c.h; path = PTDFirmwareHelper.h; sourceTree = "<group>"; };
		364BD5221C8F46F80065893B /* PTDFirmwareHelper.m */ = {isa = PBXFileReference; fileEncoding = 4; lastKnownFileType = sourcecode.c.objc; path = PTDFirmwareHelper.m; sourceTree = "<group>"; };
		364BD5251C8F47690065893B /* PTDUtils.h */ = {isa = PBXFileReference; fileEncoding = 4; lastKnownFileType = sourcecode.c.h; path = PTDUtils.h; sourceTree = "<group>"; };
		364BD5261C8F47690065893B /* PTDUtils.m */ = {isa = PBXFileReference; fileEncoding = 4; lastKnownFileType = sourcecode.c.objc; path = PTDUtils.m; sourceTree = "<group>"; };
		36539CB11C7CEB4C00F4926F /* PTDIntelHex.h */ = {isa = PBXFileReference; fileEncoding = 4; lastKnownFileType = sourcecode.c.h; path = PTDIntelHex.h; sourceTree = "<group>"; };
		36539CB21C7CEB4C00F4926F /* PTDIntelHex.m */ = {isa = PBXFileReference; fileEncoding = 4; lastKnownFileType = sourcecode.c.objc; path = PTDIntelHex.m; sourceTree = "<group>"; };
		36539CB51C7CEB5700F4926F /* PTDIntelHexLine.h */ = {isa = PBXFileReference; fileEncoding = 4; lastKnownFileType = sourcecode.c.h; path = PTDIntelHexLine.h; sourceTree = "<group>"; };
		36539CB61C7CEB5700F4926F /* PTDIntelHexLine.m */ = {isa = PBXFileReference; fileEncoding = 4; lastKnownFileType = sourcecode.c.objc; path = PTDIntelHexLine.m; sourceTree = "<group>"; };
		36539CB91C7CEFE400F4926F /* TestPTDIntelHex.m */ = {isa = PBXFileReference; fileEncoding = 4; lastKnownFileType = sourcecode.c.objc; path = TestPTDIntelHex.m; sourceTree = "<group>"; };
		36539CBB1C7D18D000F4926F /* IntelHexBinary.bin */ = {isa = PBXFileReference; lastKnownFileType = archive.macbinary; path = IntelHexBinary.bin; sourceTree = "<group>"; };
		36539CBC1C7D18D000F4926F /* IntelHexSource.hex */ = {isa = PBXFileReference; fileEncoding = 4; lastKnownFileType = text; path = IntelHexSource.hex; sourceTree = "<group>"; };
		36B669B31C7F88D800E3CC36 /* TestStatelessUtils.m */ = {isa = PBXFileReference; fileEncoding = 4; lastKnownFileType = sourcecode.c.objc; path = TestStatelessUtils.m; sourceTree = "<group>"; };
		36DCC8B21C8A227700BCB3C5 /* PTDHardwareLookup.h */ = {isa = PBXFileReference; fileEncoding = 4; lastKnownFileType = sourcecode.c.h; path = PTDHardwareLookup.h; sourceTree = "<group>"; };
		36DCC8B31C8A227700BCB3C5 /* PTDHardwareLookup.m */ = {isa = PBXFileReference; fileEncoding = 4; lastKnownFileType = sourcecode.c.objc; path = PTDHardwareLookup.m; sourceTree = "<group>"; };
		36DCC8B61C8A251B00BCB3C5 /* TestPTDHardwareLookup.m */ = {isa = PBXFileReference; fileEncoding = 4; lastKnownFileType = sourcecode.c.objc; path = TestPTDHardwareLookup.m; sourceTree = "<group>"; };
		36DD089C1C8F8AC700E06214 /* OS X Integration Tests.xctest */ = {isa = PBXFileReference; explicitFileType = wrapper.cfbundle; includeInIndex = 0; path = "OS X Integration Tests.xctest"; sourceTree = BUILT_PRODUCTS_DIR; };
		36DD089D1C8F8AC700E06214 /* OS X Unit Tests copy-Info.plist */ = {isa = PBXFileReference; lastKnownFileType = text.plist.xml; name = "OS X Unit Tests copy-Info.plist"; path = "/Users/mplewis/Dropbox (Punch Through)/PTD Projects/bean-apple-sdk/Bean OSX Static Library/OS X Unit Tests copy-Info.plist"; sourceTree = "<absolute>"; };
		4B47A3497E527B70A3B023A4 /* StatelessUtils.m */ = {isa = PBXFileReference; fileEncoding = 4; lastKnownFileType = sourcecode.c.objc; path = StatelessUtils.m; sourceTree = "<group>"; };
		4B47A65BC4A7023EFD6985BE /* StatelessUtils.h */ = {isa = PBXFileReference; fileEncoding = 4; lastKnownFileType = sourcecode.c.h; path = StatelessUtils.h; sourceTree = "<group>"; };
		4B47A94F596638ED2BF707B4 /* BeanContainer.m */ = {isa = PBXFileReference; fileEncoding = 4; lastKnownFileType = sourcecode.c.objc; path = BeanContainer.m; sourceTree = "<group>"; };
		4B47AA85E4FF98BE9F401392 /* BeanContainer.h */ = {isa = PBXFileReference; fileEncoding = 4; lastKnownFileType = sourcecode.c.h; path = BeanContainer.h; sourceTree = "<group>"; };
		4B47ABC5CF3064F79F555688 /* TestBeanFeatures.m */ = {isa = PBXFileReference; fileEncoding = 4; lastKnownFileType = sourcecode.c.objc; path = TestBeanFeatures.m; sourceTree = "<group>"; };
		520A7E121AA0034500CB5B80 /* CBPeripheral+RSSI_Universal.h */ = {isa = PBXFileReference; fileEncoding = 4; lastKnownFileType = sourcecode.c.h; path = "CBPeripheral+RSSI_Universal.h"; sourceTree = "<group>"; };
		520A7E131AA0034500CB5B80 /* CBPeripheral+RSSI_Universal.m */ = {isa = PBXFileReference; fileEncoding = 4; lastKnownFileType = sourcecode.c.objc; path = "CBPeripheral+RSSI_Universal.m"; sourceTree = "<group>"; };
		520C8ED5191BF0EC0086C530 /* BleProfile.h */ = {isa = PBXFileReference; fileEncoding = 4; lastKnownFileType = sourcecode.c.h; path = BleProfile.h; sourceTree = "<group>"; };
		520C8ED6191BF0EC0086C530 /* BleProfile.m */ = {isa = PBXFileReference; fileEncoding = 4; lastKnownFileType = sourcecode.c.objc; path = BleProfile.m; sourceTree = "<group>"; };
		521A4E9B19103E5F005B3097 /* NSData+CRC.h */ = {isa = PBXFileReference; fileEncoding = 4; lastKnownFileType = sourcecode.c.h; path = "NSData+CRC.h"; sourceTree = "<group>"; };
		521A4E9C19103E5F005B3097 /* NSData+CRC.m */ = {isa = PBXFileReference; fileEncoding = 4; lastKnownFileType = sourcecode.c.objc; path = "NSData+CRC.m"; sourceTree = "<group>"; };
		5242A60C18D9101200DDB29F /* AppMessages.h */ = {isa = PBXFileReference; fileEncoding = 4; lastKnownFileType = sourcecode.c.h; name = AppMessages.h; path = "../../App Message Definitions/AppMessages.h"; sourceTree = "<group>"; };
		524E2B8B195A0C10007FE17D /* PTDBleDevice.h */ = {isa = PBXFileReference; fileEncoding = 4; lastKnownFileType = sourcecode.c.h; name = PTDBleDevice.h; path = ../Public/PTDBleDevice.h; sourceTree = "<group>"; };
		524E2B8C195A0C10007FE17D /* PTDBleDevice.m */ = {isa = PBXFileReference; fileEncoding = 4; lastKnownFileType = sourcecode.c.objc; path = PTDBleDevice.m; sourceTree = "<group>"; };
		5251175218ADA0AC0088DE2D /* GattCharacteristicHandler.h */ = {isa = PBXFileReference; lastKnownFileType = sourcecode.c.h; name = GattCharacteristicHandler.h; path = Transport/GattCharacteristicHandler.h; sourceTree = "<group>"; };
		5251175318ADA0C80088DE2D /* GattCharacteristicObserver.h */ = {isa = PBXFileReference; lastKnownFileType = sourcecode.c.h; name = GattCharacteristicObserver.h; path = Transport/GattCharacteristicObserver.h; sourceTree = "<group>"; };
		525AB3DD1B7E7525007D6DE1 /* OCMock.framework */ = {isa = PBXFileReference; lastKnownFileType = wrapper.framework; name = OCMock.framework; path = Frameworks/OCMock.framework; sourceTree = "<group>"; };
		525AB3DF1B7E8135007D6DE1 /* PTDBleDevice+Protected.h */ = {isa = PBXFileReference; fileEncoding = 4; lastKnownFileType = sourcecode.c.h; path = "PTDBleDevice+Protected.h"; sourceTree = "<group>"; };
		52BB1B601A2FDAE1003135A5 /* PTDBeanRemoteFirmwareVersionManager.h */ = {isa = PBXFileReference; fileEncoding = 4; lastKnownFileType = sourcecode.c.h; path = PTDBeanRemoteFirmwareVersionManager.h; sourceTree = "<group>"; };
		52BB1B611A2FDAE1003135A5 /* PTDBeanRemoteFirmwareVersionManager.m */ = {isa = PBXFileReference; fileEncoding = 4; lastKnownFileType = sourcecode.c.objc; path = PTDBeanRemoteFirmwareVersionManager.m; sourceTree = "<group>"; };
		52BC523518D96A610083A031 /* AppMessagingLayer.h */ = {isa = PBXFileReference; fileEncoding = 4; lastKnownFileType = sourcecode.c.h; name = AppMessagingLayer.h; path = ../../source/AppMessages/AppMessagingLayer.h; sourceTree = "<group>"; };
		52BC523618D96A610083A031 /* AppMessagingLayer.m */ = {isa = PBXFileReference; fileEncoding = 4; lastKnownFileType = sourcecode.c.objc; name = AppMessagingLayer.m; path = ../../source/AppMessages/AppMessagingLayer.m; sourceTree = "<group>"; };
		52BF989F19352E59008DCA31 /* BatteryProfile.h */ = {isa = PBXFileReference; fileEncoding = 4; lastKnownFileType = sourcecode.c.h; name = BatteryProfile.h; path = Battery/BatteryProfile.h; sourceTree = "<group>"; };
		52BF98A019352E59008DCA31 /* BatteryProfile.m */ = {isa = PBXFileReference; fileEncoding = 4; lastKnownFileType = sourcecode.c.objc; name = BatteryProfile.m; path = Battery/BatteryProfile.m; sourceTree = "<group>"; };
		52CD166D18CE7B8D00636119 /* PTDBean+Protected.h */ = {isa = PBXFileReference; lastKnownFileType = sourcecode.c.h; name = "PTDBean+Protected.h"; path = "../../source/PTDBean+Protected.h"; sourceTree = "<group>"; };
		52CD166E18CE8C1B00636119 /* PTDBeanManager+Protected.h */ = {isa = PBXFileReference; lastKnownFileType = sourcecode.c.h; name = "PTDBeanManager+Protected.h"; path = "../../source/PTDBeanManager+Protected.h"; sourceTree = "<group>"; };
		52D34E2418A9B455002F0C59 /* libBean OSX Library.a */ = {isa = PBXFileReference; explicitFileType = archive.ar; includeInIndex = 0; path = "libBean OSX Library.a"; sourceTree = BUILT_PRODUCTS_DIR; };
		52D34E2718A9B455002F0C59 /* Cocoa.framework */ = {isa = PBXFileReference; lastKnownFileType = wrapper.framework; name = Cocoa.framework; path = System/Library/Frameworks/Cocoa.framework; sourceTree = SDKROOT; };
		52D34E2A18A9B455002F0C59 /* Foundation.framework */ = {isa = PBXFileReference; lastKnownFileType = wrapper.framework; name = Foundation.framework; path = System/Library/Frameworks/Foundation.framework; sourceTree = SDKROOT; };
		52D34E2B18A9B455002F0C59 /* CoreData.framework */ = {isa = PBXFileReference; lastKnownFileType = wrapper.framework; name = CoreData.framework; path = System/Library/Frameworks/CoreData.framework; sourceTree = SDKROOT; };
		52D34E2C18A9B455002F0C59 /* AppKit.framework */ = {isa = PBXFileReference; lastKnownFileType = wrapper.framework; name = AppKit.framework; path = System/Library/Frameworks/AppKit.framework; sourceTree = SDKROOT; };
		52D34E3718A9B455002F0C59 /* OS X Unit Tests.xctest */ = {isa = PBXFileReference; explicitFileType = wrapper.cfbundle; includeInIndex = 0; path = "OS X Unit Tests.xctest"; sourceTree = BUILT_PRODUCTS_DIR; };
		52D34E4018A9B455002F0C59 /* Bean OSX LibraryTests-Info.plist */ = {isa = PBXFileReference; lastKnownFileType = text.plist.xml; path = "Bean OSX LibraryTests-Info.plist"; sourceTree = "<group>"; };
		52D34E4218A9B455002F0C59 /* en */ = {isa = PBXFileReference; lastKnownFileType = text.plist.strings; name = en; path = en.lproj/InfoPlist.strings; sourceTree = "<group>"; };
		52D34E8A18A9B890002F0C59 /* BEAN_Globals.h */ = {isa = PBXFileReference; fileEncoding = 4; lastKnownFileType = sourcecode.c.h; name = BEAN_Globals.h; path = ../../source/BEAN_Globals.h; sourceTree = "<group>"; };
		52D34E8E18A9B890002F0C59 /* CBPeripheral+UniqueId.h */ = {isa = PBXFileReference; fileEncoding = 4; lastKnownFileType = sourcecode.c.h; path = "CBPeripheral+UniqueId.h"; sourceTree = "<group>"; };
		52D34E8F18A9B890002F0C59 /* CBPeripheral+UniqueId.m */ = {isa = PBXFileReference; fileEncoding = 4; lastKnownFileType = sourcecode.c.objc; path = "CBPeripheral+UniqueId.m"; sourceTree = "<group>"; };
		52D34E9118A9B890002F0C59 /* BEAN_Helper.h */ = {isa = PBXFileReference; fileEncoding = 4; lastKnownFileType = sourcecode.c.h; path = BEAN_Helper.h; sourceTree = "<group>"; };
		52D34E9218A9B890002F0C59 /* BEAN_Helper.m */ = {isa = PBXFileReference; fileEncoding = 4; lastKnownFileType = sourcecode.c.objc; path = BEAN_Helper.m; sourceTree = "<group>"; };
		52D34E9518A9B890002F0C59 /* DevInfoProfile.h */ = {isa = PBXFileReference; fileEncoding = 4; lastKnownFileType = sourcecode.c.h; path = DevInfoProfile.h; sourceTree = "<group>"; };
		52D34E9618A9B890002F0C59 /* DevInfoProfile.m */ = {isa = PBXFileReference; fileEncoding = 4; lastKnownFileType = sourcecode.c.objc; path = DevInfoProfile.m; sourceTree = "<group>"; };
		52D34E9818A9B890002F0C59 /* GattSerialProfile.h */ = {isa = PBXFileReference; fileEncoding = 4; lastKnownFileType = sourcecode.c.h; path = GattSerialProfile.h; sourceTree = "<group>"; };
		52D34E9918A9B890002F0C59 /* GattSerialProfile.m */ = {isa = PBXFileReference; fileEncoding = 4; lastKnownFileType = sourcecode.c.objc; path = GattSerialProfile.m; sourceTree = "<group>"; };
		52D34E9B18A9B890002F0C59 /* GattPacket.h */ = {isa = PBXFileReference; fileEncoding = 4; lastKnownFileType = sourcecode.c.h; path = GattPacket.h; sourceTree = "<group>"; };
		52D34E9C18A9B890002F0C59 /* GattPacket.m */ = {isa = PBXFileReference; fileEncoding = 4; lastKnownFileType = sourcecode.c.objc; path = GattPacket.m; sourceTree = "<group>"; };
		52D34E9D18A9B890002F0C59 /* GattSerialMessage.h */ = {isa = PBXFileReference; fileEncoding = 4; lastKnownFileType = sourcecode.c.h; path = GattSerialMessage.h; sourceTree = "<group>"; };
		52D34E9E18A9B890002F0C59 /* GattSerialMessage.m */ = {isa = PBXFileReference; fileEncoding = 4; lastKnownFileType = sourcecode.c.objc; path = GattSerialMessage.m; sourceTree = "<group>"; };
		52D34E9F18A9B890002F0C59 /* GattSerialMessageRxAssembler.h */ = {isa = PBXFileReference; fileEncoding = 4; lastKnownFileType = sourcecode.c.h; path = GattSerialMessageRxAssembler.h; sourceTree = "<group>"; };
		52D34EA018A9B890002F0C59 /* GattSerialMessageRxAssembler.m */ = {isa = PBXFileReference; fileEncoding = 4; lastKnownFileType = sourcecode.c.objc; path = GattSerialMessageRxAssembler.m; sourceTree = "<group>"; };
		52D34EA118A9B890002F0C59 /* GattSerialTransport.h */ = {isa = PBXFileReference; fileEncoding = 4; lastKnownFileType = sourcecode.c.h; path = GattSerialTransport.h; sourceTree = "<group>"; };
		52D34EA218A9B890002F0C59 /* GattSerialTransport.m */ = {isa = PBXFileReference; fileEncoding = 4; lastKnownFileType = sourcecode.c.objc; path = GattSerialTransport.m; sourceTree = "<group>"; };
		52D34EA318A9B890002F0C59 /* GattTransport.h */ = {isa = PBXFileReference; fileEncoding = 4; lastKnownFileType = sourcecode.c.h; path = GattTransport.h; sourceTree = "<group>"; };
		52D34EA418A9B890002F0C59 /* GattTransport.m */ = {isa = PBXFileReference; fileEncoding = 4; lastKnownFileType = sourcecode.c.objc; path = GattTransport.m; sourceTree = "<group>"; };
		52D34EA718A9B890002F0C59 /* OadProfile.h */ = {isa = PBXFileReference; fileEncoding = 4; lastKnownFileType = sourcecode.c.h; path = OadProfile.h; sourceTree = "<group>"; };
		52D34EA818A9B890002F0C59 /* OadProfile.m */ = {isa = PBXFileReference; fileEncoding = 4; lastKnownFileType = sourcecode.c.objc; path = OadProfile.m; sourceTree = "<group>"; };
		52DE25C018AAC53900E69929 /* IOBluetooth.framework */ = {isa = PBXFileReference; lastKnownFileType = wrapper.framework; name = IOBluetooth.framework; path = System/Library/Frameworks/IOBluetooth.framework; sourceTree = SDKROOT; };
		52E98537191857E600E73CED /* AppMessageTypes.h */ = {isa = PBXFileReference; lastKnownFileType = sourcecode.c.h; name = AppMessageTypes.h; path = "../../App Message Definitions/AppMessageTypes.h"; sourceTree = "<group>"; };
		969B89481908951F00AA093C /* libBean iOS Library.a */ = {isa = PBXFileReference; explicitFileType = archive.ar; includeInIndex = 0; path = "libBean iOS Library.a"; sourceTree = BUILT_PRODUCTS_DIR; };
		969B89491908951F00AA093C /* Foundation.framework */ = {isa = PBXFileReference; lastKnownFileType = wrapper.framework; name = Foundation.framework; path = System/Library/Frameworks/Foundation.framework; sourceTree = SDKROOT; };
		969B899B1908998500AA093C /* Bean iOS Library-Prefix.pch */ = {isa = PBXFileReference; fileEncoding = 4; lastKnownFileType = sourcecode.c.h; path = "Bean iOS Library-Prefix.pch"; sourceTree = "<group>"; };
		969B899C1908998500AA093C /* Bean OSX Library-Prefix.pch */ = {isa = PBXFileReference; fileEncoding = 4; lastKnownFileType = sourcecode.c.h; path = "Bean OSX Library-Prefix.pch"; sourceTree = "<group>"; };
		969FDE94191A9DE80068B99A /* PTDBean.m */ = {isa = PBXFileReference; fileEncoding = 4; lastKnownFileType = sourcecode.c.objc; name = PTDBean.m; path = ../../source/PTDBean.m; sourceTree = "<group>"; };
		969FDE95191A9DE80068B99A /* PTDBeanManager.m */ = {isa = PBXFileReference; fileEncoding = 4; lastKnownFileType = sourcecode.c.objc; name = PTDBeanManager.m; path = ../../source/PTDBeanManager.m; sourceTree = "<group>"; };
		969FDE96191A9DE80068B99A /* PTDBeanRadioConfig.m */ = {isa = PBXFileReference; fileEncoding = 4; lastKnownFileType = sourcecode.c.objc; name = PTDBeanRadioConfig.m; path = ../../source/PTDBeanRadioConfig.m; sourceTree = "<group>"; };
		96E63F481919912F00A58608 /* PTDBean.h */ = {isa = PBXFileReference; fileEncoding = 4; lastKnownFileType = sourcecode.c.h; path = PTDBean.h; sourceTree = "<group>"; };
		96E63F4A1919912F00A58608 /* PTDBeanManager.h */ = {isa = PBXFileReference; fileEncoding = 4; lastKnownFileType = sourcecode.c.h; path = PTDBeanManager.h; sourceTree = "<group>"; };
		96E63F4C1919912F00A58608 /* PTDBeanRadioConfig.h */ = {isa = PBXFileReference; fileEncoding = 4; lastKnownFileType = sourcecode.c.h; path = PTDBeanRadioConfig.h; sourceTree = "<group>"; };
		A9448BED1C7B94C80031DA2C /* CoreBluetooth.framework */ = {isa = PBXFileReference; lastKnownFileType = wrapper.framework; name = CoreBluetooth.framework; path = System/Library/Frameworks/CoreBluetooth.framework; sourceTree = SDKROOT; };
		A9448BEF1C7B94D10031DA2C /* IOBluetoothUI.framework */ = {isa = PBXFileReference; lastKnownFileType = wrapper.framework; name = IOBluetoothUI.framework; path = System/Library/Frameworks/IOBluetoothUI.framework; sourceTree = SDKROOT; };
		A94C7A6A1C7CC89B0018A161 /* blink.hex */ = {isa = PBXFileReference; fileEncoding = 4; lastKnownFileType = text; path = blink.hex; sourceTree = "<group>"; };
		A99DECCF1C7F4B32007F506D /* Firmware Images */ = {isa = PBXFileReference; lastKnownFileType = folder; path = "Firmware Images"; sourceTree = "<group>"; };
/* End PBXFileReference section */

/* Begin PBXFrameworksBuildPhase section */
		36DD088E1C8F8AC700E06214 /* Frameworks */ = {
			isa = PBXFrameworksBuildPhase;
			buildActionMask = 2147483647;
			files = (
				36DD088F1C8F8AC700E06214 /* IOBluetooth.framework in Frameworks */,
				36DD08901C8F8AC700E06214 /* OCMock.framework in Frameworks */,
				36DD08911C8F8AC700E06214 /* Cocoa.framework in Frameworks */,
				36DD08921C8F8AC700E06214 /* libBean OSX Library.a in Frameworks */,
			);
			runOnlyForDeploymentPostprocessing = 0;
		};
		52D34E2118A9B455002F0C59 /* Frameworks */ = {
			isa = PBXFrameworksBuildPhase;
			buildActionMask = 2147483647;
			files = (
				52DE25C118AAC53900E69929 /* IOBluetooth.framework in Frameworks */,
				52D34E2818A9B455002F0C59 /* Cocoa.framework in Frameworks */,
			);
			runOnlyForDeploymentPostprocessing = 0;
		};
		52D34E3418A9B455002F0C59 /* Frameworks */ = {
			isa = PBXFrameworksBuildPhase;
			buildActionMask = 2147483647;
			files = (
				A9448BF11C7B94DE0031DA2C /* IOBluetooth.framework in Frameworks */,
				525AB3DE1B7E7525007D6DE1 /* OCMock.framework in Frameworks */,
				526966CC1B7E70030059CE7E /* Cocoa.framework in Frameworks */,
				52D34E3D18A9B455002F0C59 /* libBean OSX Library.a in Frameworks */,
			);
			runOnlyForDeploymentPostprocessing = 0;
		};
		969B89451908951F00AA093C /* Frameworks */ = {
			isa = PBXFrameworksBuildPhase;
			buildActionMask = 2147483647;
			files = (
			);
			runOnlyForDeploymentPostprocessing = 0;
		};
/* End PBXFrameworksBuildPhase section */

/* Begin PBXGroup section */
		3677A1861C7E6D5C0063ECF3 /* Unit Tests */ = {
			isa = PBXGroup;
			children = (
				36539CB91C7CEFE400F4926F /* TestPTDIntelHex.m */,
				36B669B31C7F88D800E3CC36 /* TestStatelessUtils.m */,
				36DCC8B61C8A251B00BCB3C5 /* TestPTDHardwareLookup.m */,
				363A1A871C8A329500B005BD /* TestBeanHelpers.m */,
			);
			name = "Unit Tests";
			sourceTree = "<group>";
		};
		3677A1871C7E6D5F0063ECF3 /* Integration Tests */ = {
			isa = PBXGroup;
			children = (
				4B47ABC5CF3064F79F555688 /* TestBeanFeatures.m */,
			);
			name = "Integration Tests";
			sourceTree = "<group>";
		};
		36DD08691C8F88BE00E06214 /* Unit Tests */ = {
			isa = PBXGroup;
			children = (
				52D34E4018A9B455002F0C59 /* Bean OSX LibraryTests-Info.plist */,
				52D34E4118A9B455002F0C59 /* InfoPlist.strings */,
			);
			name = "Unit Tests";
			sourceTree = "<group>";
		};
		36DD086A1C8F88D200E06214 /* Integration Tests */ = {
			isa = PBXGroup;
			children = (
				36DD089D1C8F8AC700E06214 /* OS X Unit Tests copy-Info.plist */,
			);
			name = "Integration Tests";
			sourceTree = "<group>";
		};
		4B47AB360A829C6410E00332 /* Helpers */ = {
			isa = PBXGroup;
			children = (
				4B47A94F596638ED2BF707B4 /* BeanContainer.m */,
				4B47AA85E4FF98BE9F401392 /* BeanContainer.h */,
				4B47A3497E527B70A3B023A4 /* StatelessUtils.m */,
				4B47A65BC4A7023EFD6985BE /* StatelessUtils.h */,
			);
			path = Helpers;
			sourceTree = "<group>";
		};
		524E2B8A195A0BDB007FE17D /* BLE Device */ = {
			isa = PBXGroup;
			children = (
				525AB3DF1B7E8135007D6DE1 /* PTDBleDevice+Protected.h */,
				524E2B8B195A0C10007FE17D /* PTDBleDevice.h */,
				524E2B8C195A0C10007FE17D /* PTDBleDevice.m */,
				52D34E9318A9B890002F0C59 /* BLE Profiles */,
			);
			name = "BLE Device";
			path = ../../source/Profiles;
			sourceTree = "<group>";
		};
		5251175018AD9D530088DE2D /* GATT Transport  */ = {
			isa = PBXGroup;
			children = (
				52D34EA318A9B890002F0C59 /* GattTransport.h */,
				52D34EA418A9B890002F0C59 /* GattTransport.m */,
				52D34E9B18A9B890002F0C59 /* GattPacket.h */,
				52D34E9C18A9B890002F0C59 /* GattPacket.m */,
			);
			name = "GATT Transport ";
			path = Transport;
			sourceTree = "<group>";
		};
		5251175118AD9D550088DE2D /* GATT Serial Transport */ = {
			isa = PBXGroup;
			children = (
				52D34EA118A9B890002F0C59 /* GattSerialTransport.h */,
				52D34EA218A9B890002F0C59 /* GattSerialTransport.m */,
				52D34E9D18A9B890002F0C59 /* GattSerialMessage.h */,
				52D34E9E18A9B890002F0C59 /* GattSerialMessage.m */,
				52D34E9F18A9B890002F0C59 /* GattSerialMessageRxAssembler.h */,
				52D34EA018A9B890002F0C59 /* GattSerialMessageRxAssembler.m */,
			);
			name = "GATT Serial Transport";
			path = Transport;
			sourceTree = "<group>";
		};
		52BC523418D968780083A031 /* Application Messages */ = {
			isa = PBXGroup;
			children = (
				5242A60C18D9101200DDB29F /* AppMessages.h */,
				52E98537191857E600E73CED /* AppMessageTypes.h */,
				52BC523518D96A610083A031 /* AppMessagingLayer.h */,
				52BC523618D96A610083A031 /* AppMessagingLayer.m */,
			);
			name = "Application Messages";
			sourceTree = "<group>";
		};
		52BF989E192FD21B008DCA31 /* Battery */ = {
			isa = PBXGroup;
			children = (
				52BF989F19352E59008DCA31 /* BatteryProfile.h */,
				52BF98A019352E59008DCA31 /* BatteryProfile.m */,
			);
			name = Battery;
			sourceTree = "<group>";
		};
		52D34E1B18A9B455002F0C59 = {
			isa = PBXGroup;
			children = (
				52D34E2D18A9B455002F0C59 /* Bean Library */,
				52D34E3E18A9B455002F0C59 /* OS X Tests */,
				52D34E2618A9B455002F0C59 /* Frameworks */,
				52D34E2518A9B455002F0C59 /* Products */,
			);
			sourceTree = "<group>";
		};
		52D34E2518A9B455002F0C59 /* Products */ = {
			isa = PBXGroup;
			children = (
				52D34E2418A9B455002F0C59 /* libBean OSX Library.a */,
				52D34E3718A9B455002F0C59 /* OS X Unit Tests.xctest */,
				969B89481908951F00AA093C /* libBean iOS Library.a */,
				36DD089C1C8F8AC700E06214 /* OS X Integration Tests.xctest */,
			);
			name = Products;
			sourceTree = "<group>";
		};
		52D34E2618A9B455002F0C59 /* Frameworks */ = {
			isa = PBXGroup;
			children = (
				A9448BEF1C7B94D10031DA2C /* IOBluetoothUI.framework */,
				A9448BED1C7B94C80031DA2C /* CoreBluetooth.framework */,
				525AB3DD1B7E7525007D6DE1 /* OCMock.framework */,
				52DE25C018AAC53900E69929 /* IOBluetooth.framework */,
				52D34E2718A9B455002F0C59 /* Cocoa.framework */,
				969B89491908951F00AA093C /* Foundation.framework */,
				52D34E2918A9B455002F0C59 /* Other Frameworks */,
			);
			name = Frameworks;
			sourceTree = "<group>";
		};
		52D34E2918A9B455002F0C59 /* Other Frameworks */ = {
			isa = PBXGroup;
			children = (
				52D34E2A18A9B455002F0C59 /* Foundation.framework */,
				52D34E2B18A9B455002F0C59 /* CoreData.framework */,
				52D34E2C18A9B455002F0C59 /* AppKit.framework */,
			);
			name = "Other Frameworks";
			sourceTree = "<group>";
		};
		52D34E2D18A9B455002F0C59 /* Bean Library */ = {
			isa = PBXGroup;
			children = (
				96E63F471919912F00A58608 /* Public */,
				969FDE94191A9DE80068B99A /* PTDBean.m */,
				969FDE95191A9DE80068B99A /* PTDBeanManager.m */,
				969FDE96191A9DE80068B99A /* PTDBeanRadioConfig.m */,
				52D34E8A18A9B890002F0C59 /* BEAN_Globals.h */,
				52CD166E18CE8C1B00636119 /* PTDBeanManager+Protected.h */,
				52CD166D18CE7B8D00636119 /* PTDBean+Protected.h */,
				52BC523418D968780083A031 /* Application Messages */,
				52D34E8D18A9B890002F0C59 /* Categories */,
				52D34E9018A9B890002F0C59 /* Helper */,
				52D9B95218BF2E1300EB9331 /* Protocols */,
				524E2B8A195A0BDB007FE17D /* BLE Device */,
				52D34E2E18A9B455002F0C59 /* Supporting Files */,
			);
			name = "Bean Library";
			path = "Bean OSX Library";
			sourceTree = "<group>";
		};
		52D34E2E18A9B455002F0C59 /* Supporting Files */ = {
			isa = PBXGroup;
			children = (
				969B899A1908998500AA093C /* Bean Library */,
			);
			name = "Supporting Files";
			sourceTree = "<group>";
		};
		52D34E3E18A9B455002F0C59 /* OS X Tests */ = {
			isa = PBXGroup;
			children = (
				3677A1861C7E6D5C0063ECF3 /* Unit Tests */,
				3677A1871C7E6D5F0063ECF3 /* Integration Tests */,
				4B47AB360A829C6410E00332 /* Helpers */,
				A94C7A691C7CC7D10018A161 /* Resources */,
				52D34E3F18A9B455002F0C59 /* Supporting Files */,
			);
			name = "OS X Tests";
			path = "Bean OSX LibraryTests";
			sourceTree = "<group>";
		};
		52D34E3F18A9B455002F0C59 /* Supporting Files */ = {
			isa = PBXGroup;
			children = (
				36DD08691C8F88BE00E06214 /* Unit Tests */,
				36DD086A1C8F88D200E06214 /* Integration Tests */,
			);
			name = "Supporting Files";
			sourceTree = "<group>";
		};
		52D34E8D18A9B890002F0C59 /* Categories */ = {
			isa = PBXGroup;
			children = (
				520A7E121AA0034500CB5B80 /* CBPeripheral+RSSI_Universal.h */,
				520A7E131AA0034500CB5B80 /* CBPeripheral+RSSI_Universal.m */,
				52D34E8E18A9B890002F0C59 /* CBPeripheral+UniqueId.h */,
				52D34E8F18A9B890002F0C59 /* CBPeripheral+UniqueId.m */,
				521A4E9B19103E5F005B3097 /* NSData+CRC.h */,
				521A4E9C19103E5F005B3097 /* NSData+CRC.m */,
			);
			name = Categories;
			path = ../../source/Categories;
			sourceTree = "<group>";
		};
		52D34E9018A9B890002F0C59 /* Helper */ = {
			isa = PBXGroup;
			children = (
				52BB1B601A2FDAE1003135A5 /* PTDBeanRemoteFirmwareVersionManager.h */,
				52BB1B611A2FDAE1003135A5 /* PTDBeanRemoteFirmwareVersionManager.m */,
				52D34E9118A9B890002F0C59 /* BEAN_Helper.h */,
				52D34E9218A9B890002F0C59 /* BEAN_Helper.m */,
				36539CB11C7CEB4C00F4926F /* PTDIntelHex.h */,
				36539CB21C7CEB4C00F4926F /* PTDIntelHex.m */,
				36539CB51C7CEB5700F4926F /* PTDIntelHexLine.h */,
				36539CB61C7CEB5700F4926F /* PTDIntelHexLine.m */,
				36DCC8B21C8A227700BCB3C5 /* PTDHardwareLookup.h */,
				36DCC8B31C8A227700BCB3C5 /* PTDHardwareLookup.m */,
				364BD5211C8F46F80065893B /* PTDFirmwareHelper.h */,
				364BD5221C8F46F80065893B /* PTDFirmwareHelper.m */,
				364BD5251C8F47690065893B /* PTDUtils.h */,
				364BD5261C8F47690065893B /* PTDUtils.m */,
			);
			name = Helper;
			path = ../../source/Helper;
			sourceTree = "<group>";
		};
		52D34E9318A9B890002F0C59 /* BLE Profiles */ = {
			isa = PBXGroup;
			children = (
				520C8ED5191BF0EC0086C530 /* BleProfile.h */,
				520C8ED6191BF0EC0086C530 /* BleProfile.m */,
				52BF989E192FD21B008DCA31 /* Battery */,
				52D34E9418A9B890002F0C59 /* Device Info */,
				52D34E9718A9B890002F0C59 /* Gatt Serial */,
				52D34EA518A9B890002F0C59 /* OAD */,
			);
			name = "BLE Profiles";
			sourceTree = "<group>";
		};
		52D34E9418A9B890002F0C59 /* Device Info */ = {
			isa = PBXGroup;
			children = (
				52D34E9518A9B890002F0C59 /* DevInfoProfile.h */,
				52D34E9618A9B890002F0C59 /* DevInfoProfile.m */,
			);
			path = "Device Info";
			sourceTree = "<group>";
		};
		52D34E9718A9B890002F0C59 /* Gatt Serial */ = {
			isa = PBXGroup;
			children = (
				52D34E9818A9B890002F0C59 /* GattSerialProfile.h */,
				52D34E9918A9B890002F0C59 /* GattSerialProfile.m */,
				5251175218ADA0AC0088DE2D /* GattCharacteristicHandler.h */,
				5251175318ADA0C80088DE2D /* GattCharacteristicObserver.h */,
				5251175118AD9D550088DE2D /* GATT Serial Transport */,
				5251175018AD9D530088DE2D /* GATT Transport  */,
			);
			path = "Gatt Serial";
			sourceTree = "<group>";
		};
		52D34EA518A9B890002F0C59 /* OAD */ = {
			isa = PBXGroup;
			children = (
				52D34EA718A9B890002F0C59 /* OadProfile.h */,
				52D34EA818A9B890002F0C59 /* OadProfile.m */,
			);
			path = OAD;
			sourceTree = "<group>";
		};
		52D9B95218BF2E1300EB9331 /* Protocols */ = {
			isa = PBXGroup;
			children = (
			);
			name = Protocols;
			path = ../../source/Profiles;
			sourceTree = "<group>";
		};
		969B899A1908998500AA093C /* Bean Library */ = {
			isa = PBXGroup;
			children = (
				969B899B1908998500AA093C /* Bean iOS Library-Prefix.pch */,
				969B899C1908998500AA093C /* Bean OSX Library-Prefix.pch */,
			);
			name = "Bean Library";
			sourceTree = "<group>";
		};
		96E63F471919912F00A58608 /* Public */ = {
			isa = PBXGroup;
			children = (
				96E63F481919912F00A58608 /* PTDBean.h */,
				96E63F4A1919912F00A58608 /* PTDBeanManager.h */,
				96E63F4C1919912F00A58608 /* PTDBeanRadioConfig.h */,
				2FB1B35D1975E29600903F59 /* PTDBleDevice.h */,
			);
			name = Public;
			path = ../../source/Public;
			sourceTree = "<group>";
		};
		A94C7A691C7CC7D10018A161 /* Resources */ = {
			isa = PBXGroup;
			children = (
				A99DECCF1C7F4B32007F506D /* Firmware Images */,
				A94C7A6A1C7CC89B0018A161 /* blink.hex */,
				36539CBB1C7D18D000F4926F /* IntelHexBinary.bin */,
				36539CBC1C7D18D000F4926F /* IntelHexSource.hex */,
			);
			path = Resources;
			sourceTree = "<group>";
		};
/* End PBXGroup section */

/* Begin PBXHeadersBuildPhase section */
		96E63F1619198BA700A58608 /* Headers */ = {
			isa = PBXHeadersBuildPhase;
			buildActionMask = 2147483647;
			files = (
				36539CB71C7CEB5700F4926F /* PTDIntelHexLine.h in Headers */,
				524E2B8D195A0C10007FE17D /* PTDBleDevice.h in Headers */,
				36DCC8B41C8A227700BCB3C5 /* PTDHardwareLookup.h in Headers */,
				520A7E141AA0034500CB5B80 /* CBPeripheral+RSSI_Universal.h in Headers */,
				364BD5231C8F46F80065893B /* PTDFirmwareHelper.h in Headers */,
				2FB1B35E1975E29600903F59 /* PTDBleDevice.h in Headers */,
				525AB3E01B7E8135007D6DE1 /* PTDBleDevice+Protected.h in Headers */,
				364BD5271C8F47690065893B /* PTDUtils.h in Headers */,
				52BF98A119352E59008DCA31 /* BatteryProfile.h in Headers */,
				36539CB31C7CEB4C00F4926F /* PTDIntelHex.h in Headers */,
				52BB1B621A2FDAE1003135A5 /* PTDBeanRemoteFirmwareVersionManager.h in Headers */,
			);
			runOnlyForDeploymentPostprocessing = 0;
		};
/* End PBXHeadersBuildPhase section */

/* Begin PBXNativeTarget section */
		36DD08841C8F8AC700E06214 /* OS X Integration Tests */ = {
			isa = PBXNativeTarget;
			buildConfigurationList = 36DD08991C8F8AC700E06214 /* Build configuration list for PBXNativeTarget "OS X Integration Tests" */;
			buildPhases = (
				36DD08871C8F8AC700E06214 /* Sources */,
				36DD088E1C8F8AC700E06214 /* Frameworks */,
				36DD08931C8F8AC700E06214 /* Resources */,
			);
			buildRules = (
			);
			dependencies = (
				36DD08851C8F8AC700E06214 /* PBXTargetDependency */,
			);
			name = "OS X Integration Tests";
			productName = "Bean OSX LibraryTests";
			productReference = 36DD089C1C8F8AC700E06214 /* OS X Integration Tests.xctest */;
			productType = "com.apple.product-type.bundle.unit-test";
		};
		52D34E2318A9B455002F0C59 /* Bean OSX Library */ = {
			isa = PBXNativeTarget;
			buildConfigurationList = 52D34E4818A9B455002F0C59 /* Build configuration list for PBXNativeTarget "Bean OSX Library" */;
			buildPhases = (
				52D34E2018A9B455002F0C59 /* Sources */,
				52D34E2118A9B455002F0C59 /* Frameworks */,
				96E63F1619198BA700A58608 /* Headers */,
			);
			buildRules = (
			);
			dependencies = (
			);
			name = "Bean OSX Library";
			productName = "Bean OSX Library";
			productReference = 52D34E2418A9B455002F0C59 /* libBean OSX Library.a */;
			productType = "com.apple.product-type.library.static";
		};
		52D34E3618A9B455002F0C59 /* OS X Unit Tests */ = {
			isa = PBXNativeTarget;
			buildConfigurationList = 52D34E4B18A9B455002F0C59 /* Build configuration list for PBXNativeTarget "OS X Unit Tests" */;
			buildPhases = (
				52D34E3318A9B455002F0C59 /* Sources */,
				52D34E3418A9B455002F0C59 /* Frameworks */,
				52D34E3518A9B455002F0C59 /* Resources */,
			);
			buildRules = (
			);
			dependencies = (
				52D34E3C18A9B455002F0C59 /* PBXTargetDependency */,
			);
			name = "OS X Unit Tests";
			productName = "Bean OSX LibraryTests";
			productReference = 52D34E3718A9B455002F0C59 /* OS X Unit Tests.xctest */;
			productType = "com.apple.product-type.bundle.unit-test";
		};
		969B89471908951F00AA093C /* Bean iOS Library */ = {
			isa = PBXNativeTarget;
			buildConfigurationList = 969B896A1908951F00AA093C /* Build configuration list for PBXNativeTarget "Bean iOS Library" */;
			buildPhases = (
				969B89441908951F00AA093C /* Sources */,
				969B89451908951F00AA093C /* Frameworks */,
				969B89461908951F00AA093C /* CopyFiles */,
			);
			buildRules = (
			);
			dependencies = (
			);
			name = "Bean iOS Library";
			productName = "Bean iOS Library";
			productReference = 969B89481908951F00AA093C /* libBean iOS Library.a */;
			productType = "com.apple.product-type.library.static";
		};
/* End PBXNativeTarget section */

/* Begin PBXProject section */
		52D34E1C18A9B455002F0C59 /* Project object */ = {
			isa = PBXProject;
			attributes = {
				LastUpgradeCheck = 0500;
				ORGANIZATIONNAME = "Punch Through Design";
			};
			buildConfigurationList = 52D34E1F18A9B455002F0C59 /* Build configuration list for PBXProject "Bean OSX Library" */;
			compatibilityVersion = "Xcode 3.2";
			developmentRegion = English;
			hasScannedForEncodings = 0;
			knownRegions = (
				en,
			);
			mainGroup = 52D34E1B18A9B455002F0C59;
			productRefGroup = 52D34E2518A9B455002F0C59 /* Products */;
			projectDirPath = "";
			projectRoot = "";
			targets = (
				52D34E2318A9B455002F0C59 /* Bean OSX Library */,
				969B89471908951F00AA093C /* Bean iOS Library */,
				52D34E3618A9B455002F0C59 /* OS X Unit Tests */,
				36DD08841C8F8AC700E06214 /* OS X Integration Tests */,
				52316FB61939629F00512C74 /* Generate Appledoc */,
			);
		};
/* End PBXProject section */

/* Begin PBXResourcesBuildPhase section */
		36DD08931C8F8AC700E06214 /* Resources */ = {
			isa = PBXResourcesBuildPhase;
			buildActionMask = 2147483647;
			files = (
				36DD08941C8F8AC700E06214 /* IntelHexBinary.bin in Resources */,
				36DD08951C8F8AC700E06214 /* Firmware Images in Resources */,
				36DD08961C8F8AC700E06214 /* blink.hex in Resources */,
				36DD08971C8F8AC700E06214 /* InfoPlist.strings in Resources */,
				36DD08981C8F8AC700E06214 /* IntelHexSource.hex in Resources */,
			);
			runOnlyForDeploymentPostprocessing = 0;
		};
		52D34E3518A9B455002F0C59 /* Resources */ = {
			isa = PBXResourcesBuildPhase;
			buildActionMask = 2147483647;
			files = (
				36539CBD1C7D18D000F4926F /* IntelHexBinary.bin in Resources */,
				A99DECD01C7F4B32007F506D /* Firmware Images in Resources */,
				A94C7A6B1C7CC89B0018A161 /* blink.hex in Resources */,
				52D34E4318A9B455002F0C59 /* InfoPlist.strings in Resources */,
				36539CBE1C7D18D000F4926F /* IntelHexSource.hex in Resources */,
			);
			runOnlyForDeploymentPostprocessing = 0;
		};
/* End PBXResourcesBuildPhase section */

/* Begin PBXShellScriptBuildPhase section */
		52316FBA193962AB00512C74 /* ShellScript */ = {
			isa = PBXShellScriptBuildPhase;
			buildActionMask = 2147483647;
			files = (
			);
			inputPaths = (
			);
			outputPaths = (
			);
			runOnlyForDeploymentPostprocessing = 0;
			shellPath = /bin/sh;
			shellScript = "/usr/local/bin/appledoc \\\n--project-name \"LightBlue Bean\" \\\n--project-company \"Punch Through Design\" \\\n--company-id \"com.punchthrough.LightBlue-Bean\" \\\n--output ../Documents \\\n--keep-undocumented-objects \\\n--keep-undocumented-members \\\n--keep-intermediate-files \\\n--no-repeat-first-par \\\n--no-warn-invalid-crossref \\\n--explicit-crossref \\\n--exit-threshold 2 \\\n../source/Public";
			showEnvVarsInLog = 0;
		};
/* End PBXShellScriptBuildPhase section */

/* Begin PBXSourcesBuildPhase section */
		36DD08871C8F8AC700E06214 /* Sources */ = {
			isa = PBXSourcesBuildPhase;
			buildActionMask = 2147483647;
			files = (
				36DD088A1C8F8AC700E06214 /* BeanContainer.m in Sources */,
				36DD089E1C8F8AF400E06214 /* TestBeanFeatures.m in Sources */,
				36DD088B1C8F8AC700E06214 /* StatelessUtils.m in Sources */,
			);
			runOnlyForDeploymentPostprocessing = 0;
		};
		52D34E2018A9B455002F0C59 /* Sources */ = {
			isa = PBXSourcesBuildPhase;
			buildActionMask = 2147483647;
			files = (
				52D34EB918A9B890002F0C59 /* GattSerialMessage.m in Sources */,
				364BD5201C8F46E50065893B /* BEAN_Helper.m in Sources */,
				36DCC8B51C8A227700BCB3C5 /* PTDHardwareLookup.m in Sources */,
				52D34EBD18A9B890002F0C59 /* GattSerialTransport.m in Sources */,
				364BD5281C8F47690065893B /* PTDUtils.m in Sources */,
				52D34EAF18A9B890002F0C59 /* CBPeripheral+UniqueId.m in Sources */,
				52D34EC218A9B890002F0C59 /* OadProfile.m in Sources */,
				969FDE98191A9DE80068B99A /* PTDBeanManager.m in Sources */,
				969FDE97191A9DE80068B99A /* PTDBean.m in Sources */,
				52BC523718D96A610083A031 /* AppMessagingLayer.m in Sources */,
				36539CB81C7CEB5700F4926F /* PTDIntelHexLine.m in Sources */,
				52D34EB518A9B890002F0C59 /* GattSerialProfile.m in Sources */,
				520C8ED7191BF0EC0086C530 /* BleProfile.m in Sources */,
				52D34EB718A9B890002F0C59 /* GattPacket.m in Sources */,
				521A4E9D19103E5F005B3097 /* NSData+CRC.m in Sources */,
				52BB1B631A2FDAE1003135A5 /* PTDBeanRemoteFirmwareVersionManager.m in Sources */,
				524E2B8E195A0C10007FE17D /* PTDBleDevice.m in Sources */,
				520A7E151AA0034500CB5B80 /* CBPeripheral+RSSI_Universal.m in Sources */,
				52D34EBB18A9B890002F0C59 /* GattSerialMessageRxAssembler.m in Sources */,
				36539CB41C7CEB4C00F4926F /* PTDIntelHex.m in Sources */,
				364BD5241C8F46F80065893B /* PTDFirmwareHelper.m in Sources */,
				52D34EB318A9B890002F0C59 /* DevInfoProfile.m in Sources */,
				969FDE99191A9DE80068B99A /* PTDBeanRadioConfig.m in Sources */,
				52D34EBF18A9B890002F0C59 /* GattTransport.m in Sources */,
				52BF98A219352E59008DCA31 /* BatteryProfile.m in Sources */,
			);
			runOnlyForDeploymentPostprocessing = 0;
		};
		52D34E3318A9B455002F0C59 /* Sources */ = {
			isa = PBXSourcesBuildPhase;
			buildActionMask = 2147483647;
			files = (
				36539CBA1C7CEFE400F4926F /* TestPTDIntelHex.m in Sources */,
				36B669B41C7F88D800E3CC36 /* TestStatelessUtils.m in Sources */,
				4B47ABED67A694D6E47F3BBB /* BeanContainer.m in Sources */,
				4B47AE1E869A421D22D6E284 /* StatelessUtils.m in Sources */,
				36DCC8B71C8A251B00BCB3C5 /* TestPTDHardwareLookup.m in Sources */,
				363A1A881C8A329500B005BD /* TestBeanHelpers.m in Sources */,
			);
			runOnlyForDeploymentPostprocessing = 0;
		};
		969B89441908951F00AA093C /* Sources */ = {
			isa = PBXSourcesBuildPhase;
			buildActionMask = 2147483647;
			files = (
				2F6B5991196CA72E000CC6E8 /* PTDBleDevice.m in Sources */,
				364BD51F1C8F46E40065893B /* BEAN_Helper.m in Sources */,
				96506ECA1937E82A00D02440 /* BatteryProfile.m in Sources */,
				520C8EE0191C31970086C530 /* BleProfile.m in Sources */,
				520C8EDE191C31780086C530 /* NSData+CRC.m in Sources */,
				969FDE9C191A9E200068B99A /* PTDBeanRadioConfig.m in Sources */,
				969B897F1908971000AA093C /* AppMessagingLayer.m in Sources */,
				969B89811908971000AA093C /* CBPeripheral+UniqueId.m in Sources */,
				969B89851908971000AA093C /* DevInfoProfile.m in Sources */,
				969B89871908971000AA093C /* GattSerialProfile.m in Sources */,
				969B898B1908971000AA093C /* GattSerialTransport.m in Sources */,
				52BB1B641A2FDAE1003135A5 /* PTDBeanRemoteFirmwareVersionManager.m in Sources */,
				969B898D1908971000AA093C /* GattSerialMessage.m in Sources */,
				969B898F1908971000AA093C /* GattSerialMessageRxAssembler.m in Sources */,
				520A7E161AA0034500CB5B80 /* CBPeripheral+RSSI_Universal.m in Sources */,
				969B89911908971000AA093C /* GattTransport.m in Sources */,
				969FDE9B191A9E1E0068B99A /* PTDBeanManager.m in Sources */,
				969B89931908971000AA093C /* GattPacket.m in Sources */,
				969FDE9A191A9E190068B99A /* PTDBean.m in Sources */,
				969B89961908971000AA093C /* OadProfile.m in Sources */,
			);
			runOnlyForDeploymentPostprocessing = 0;
		};
/* End PBXSourcesBuildPhase section */

/* Begin PBXTargetDependency section */
		36DD08851C8F8AC700E06214 /* PBXTargetDependency */ = {
			isa = PBXTargetDependency;
			target = 52D34E2318A9B455002F0C59 /* Bean OSX Library */;
			targetProxy = 36DD08861C8F8AC700E06214 /* PBXContainerItemProxy */;
		};
		52D34E3C18A9B455002F0C59 /* PBXTargetDependency */ = {
			isa = PBXTargetDependency;
			target = 52D34E2318A9B455002F0C59 /* Bean OSX Library */;
			targetProxy = 52D34E3B18A9B455002F0C59 /* PBXContainerItemProxy */;
		};
/* End PBXTargetDependency section */

/* Begin PBXVariantGroup section */
		52D34E4118A9B455002F0C59 /* InfoPlist.strings */ = {
			isa = PBXVariantGroup;
			children = (
				52D34E4218A9B455002F0C59 /* en */,
			);
			name = InfoPlist.strings;
			sourceTree = "<group>";
		};
/* End PBXVariantGroup section */

/* Begin XCBuildConfiguration section */
		36DD089A1C8F8AC700E06214 /* Debug */ = {
			isa = XCBuildConfiguration;
			buildSettings = {
				COMBINE_HIDPI_IMAGES = YES;
				FRAMEWORK_SEARCH_PATHS = (
					"$(DEVELOPER_FRAMEWORKS_DIR)",
					"$(inherited)",
					"$(PROJECT_DIR)/Frameworks",
					"$(PROJECT_DIR)/Frameworks/OCMock/OSX",
				);
				GCC_PRECOMPILE_PREFIX_HEADER = YES;
				GCC_PREFIX_HEADER = "Bean OSX Library/Bean OSX Library-Prefix.pch";
				GCC_PREPROCESSOR_DEFINITIONS = (
					"DEBUG=1",
					"$(inherited)",
				);
				INFOPLIST_FILE = "OS X Unit Tests copy-Info.plist";
				LD_RUNPATH_SEARCH_PATHS = "$(PROJECT_DIR)/Frameworks";
				OTHER_LDFLAGS = "-ObjC";
				PRODUCT_NAME = "$(TARGET_NAME)";
				WRAPPER_EXTENSION = xctest;
			};
			name = Debug;
		};
		36DD089B1C8F8AC700E06214 /* Release */ = {
			isa = XCBuildConfiguration;
			buildSettings = {
				COMBINE_HIDPI_IMAGES = YES;
				FRAMEWORK_SEARCH_PATHS = (
					"$(DEVELOPER_FRAMEWORKS_DIR)",
					"$(inherited)",
					"$(PROJECT_DIR)/Frameworks",
					"$(PROJECT_DIR)/Frameworks/OCMock/OSX",
				);
				GCC_PRECOMPILE_PREFIX_HEADER = YES;
				GCC_PREFIX_HEADER = "Bean OSX Library/Bean OSX Library-Prefix.pch";
				INFOPLIST_FILE = "OS X Unit Tests copy-Info.plist";
				LD_RUNPATH_SEARCH_PATHS = "$(PROJECT_DIR)/Frameworks";
				OTHER_LDFLAGS = "-ObjC";
				PRODUCT_NAME = "$(TARGET_NAME)";
				WRAPPER_EXTENSION = xctest;
			};
			name = Release;
		};
		52316FB71939629F00512C74 /* Debug */ = {
			isa = XCBuildConfiguration;
			buildSettings = {
				PRODUCT_NAME = "$(TARGET_NAME)";
			};
			name = Debug;
		};
		52316FB81939629F00512C74 /* Release */ = {
			isa = XCBuildConfiguration;
			buildSettings = {
				PRODUCT_NAME = "$(TARGET_NAME)";
			};
			name = Release;
		};
		52D34E4618A9B455002F0C59 /* Debug */ = {
			isa = XCBuildConfiguration;
			buildSettings = {
				ALWAYS_SEARCH_USER_PATHS = NO;
				CLANG_CXX_LANGUAGE_STANDARD = "gnu++0x";
				CLANG_CXX_LIBRARY = "libc++";
				CLANG_ENABLE_OBJC_ARC = YES;
				CLANG_WARN_BOOL_CONVERSION = YES;
				CLANG_WARN_CONSTANT_CONVERSION = YES;
				CLANG_WARN_DIRECT_OBJC_ISA_USAGE = YES_ERROR;
				CLANG_WARN_EMPTY_BODY = YES;
				CLANG_WARN_ENUM_CONVERSION = YES;
				CLANG_WARN_INT_CONVERSION = YES;
				CLANG_WARN_OBJC_ROOT_CLASS = YES_ERROR;
				CLANG_WARN__DUPLICATE_METHOD_MATCH = YES;
				COPY_PHASE_STRIP = NO;
				GCC_C_LANGUAGE_STANDARD = gnu99;
				GCC_DYNAMIC_NO_PIC = NO;
				GCC_ENABLE_OBJC_EXCEPTIONS = YES;
				GCC_OPTIMIZATION_LEVEL = 0;
				GCC_PREPROCESSOR_DEFINITIONS = (
					"DEBUG=1",
					"$(inherited)",
				);
				GCC_SYMBOLS_PRIVATE_EXTERN = NO;
				GCC_WARN_64_TO_32_BIT_CONVERSION = YES;
				GCC_WARN_ABOUT_RETURN_TYPE = YES_ERROR;
				GCC_WARN_UNDECLARED_SELECTOR = YES;
				GCC_WARN_UNINITIALIZED_AUTOS = YES;
				GCC_WARN_UNUSED_FUNCTION = YES;
				GCC_WARN_UNUSED_VARIABLE = YES;
				MACOSX_DEPLOYMENT_TARGET = 10.9;
				ONLY_ACTIVE_ARCH = YES;
				SDKROOT = macosx;
			};
			name = Debug;
		};
		52D34E4718A9B455002F0C59 /* Release */ = {
			isa = XCBuildConfiguration;
			buildSettings = {
				ALWAYS_SEARCH_USER_PATHS = NO;
				CLANG_CXX_LANGUAGE_STANDARD = "gnu++0x";
				CLANG_CXX_LIBRARY = "libc++";
				CLANG_ENABLE_OBJC_ARC = YES;
				CLANG_WARN_BOOL_CONVERSION = YES;
				CLANG_WARN_CONSTANT_CONVERSION = YES;
				CLANG_WARN_DIRECT_OBJC_ISA_USAGE = YES_ERROR;
				CLANG_WARN_EMPTY_BODY = YES;
				CLANG_WARN_ENUM_CONVERSION = YES;
				CLANG_WARN_INT_CONVERSION = YES;
				CLANG_WARN_OBJC_ROOT_CLASS = YES_ERROR;
				CLANG_WARN__DUPLICATE_METHOD_MATCH = YES;
				COPY_PHASE_STRIP = YES;
				DEBUG_INFORMATION_FORMAT = "dwarf-with-dsym";
				ENABLE_NS_ASSERTIONS = NO;
				GCC_C_LANGUAGE_STANDARD = gnu99;
				GCC_ENABLE_OBJC_EXCEPTIONS = YES;
				GCC_WARN_64_TO_32_BIT_CONVERSION = YES;
				GCC_WARN_ABOUT_RETURN_TYPE = YES_ERROR;
				GCC_WARN_UNDECLARED_SELECTOR = YES;
				GCC_WARN_UNINITIALIZED_AUTOS = YES;
				GCC_WARN_UNUSED_FUNCTION = YES;
				GCC_WARN_UNUSED_VARIABLE = YES;
				MACOSX_DEPLOYMENT_TARGET = 10.9;
				SDKROOT = macosx;
			};
			name = Release;
		};
		52D34E4918A9B455002F0C59 /* Debug */ = {
			isa = XCBuildConfiguration;
			buildSettings = {
				FRAMEWORK_SEARCH_PATHS = (
					"$(inherited)",
					"$(PROJECT_DIR)/Frameworks/OCMock/OSX",
				);
				GCC_PRECOMPILE_PREFIX_HEADER = YES;
				GCC_PREFIX_HEADER = "Bean OSX Library/Bean OSX Library-Prefix.pch";
				ONLY_ACTIVE_ARCH = YES;
				PRODUCT_NAME = "$(TARGET_NAME)";
			};
			name = Debug;
		};
		52D34E4A18A9B455002F0C59 /* Release */ = {
			isa = XCBuildConfiguration;
			buildSettings = {
				FRAMEWORK_SEARCH_PATHS = (
					"$(inherited)",
					"$(PROJECT_DIR)/Frameworks/OCMock/OSX",
				);
				GCC_PRECOMPILE_PREFIX_HEADER = YES;
				GCC_PREFIX_HEADER = "Bean OSX Library/Bean OSX Library-Prefix.pch";
				PRODUCT_NAME = "$(TARGET_NAME)";
			};
			name = Release;
		};
		52D34E4C18A9B455002F0C59 /* Debug */ = {
			isa = XCBuildConfiguration;
			buildSettings = {
				COMBINE_HIDPI_IMAGES = YES;
				FRAMEWORK_SEARCH_PATHS = (
					"$(DEVELOPER_FRAMEWORKS_DIR)",
					"$(inherited)",
					"$(PROJECT_DIR)/Frameworks",
					"$(PROJECT_DIR)/Frameworks/OCMock/OSX",
				);
				GCC_PRECOMPILE_PREFIX_HEADER = YES;
				GCC_PREFIX_HEADER = "Bean OSX Library/Bean OSX Library-Prefix.pch";
				GCC_PREPROCESSOR_DEFINITIONS = (
					"DEBUG=1",
					"$(inherited)",
				);
				INFOPLIST_FILE = "Bean OSX LibraryTests/Bean OSX LibraryTests-Info.plist";
				LD_RUNPATH_SEARCH_PATHS = "$(PROJECT_DIR)/Frameworks";
				OTHER_LDFLAGS = "-ObjC";
				PRODUCT_NAME = "$(TARGET_NAME)";
				WRAPPER_EXTENSION = xctest;
			};
			name = Debug;
		};
		52D34E4D18A9B455002F0C59 /* Release */ = {
			isa = XCBuildConfiguration;
			buildSettings = {
				COMBINE_HIDPI_IMAGES = YES;
				FRAMEWORK_SEARCH_PATHS = (
					"$(DEVELOPER_FRAMEWORKS_DIR)",
					"$(inherited)",
					"$(PROJECT_DIR)/Frameworks",
					"$(PROJECT_DIR)/Frameworks/OCMock/OSX",
				);
				GCC_PRECOMPILE_PREFIX_HEADER = YES;
				GCC_PREFIX_HEADER = "Bean OSX Library/Bean OSX Library-Prefix.pch";
				INFOPLIST_FILE = "Bean OSX LibraryTests/Bean OSX LibraryTests-Info.plist";
				LD_RUNPATH_SEARCH_PATHS = "$(PROJECT_DIR)/Frameworks";
				OTHER_LDFLAGS = "-ObjC";
				PRODUCT_NAME = "$(TARGET_NAME)";
				WRAPPER_EXTENSION = xctest;
			};
			name = Release;
		};
		969B89661908951F00AA093C /* Debug */ = {
			isa = XCBuildConfiguration;
			buildSettings = {
				CLANG_ENABLE_MODULES = YES;
				CONFIGURATION_BUILD_DIR = "$(BUILD_DIR)/$(CONFIGURATION)";
				DSTROOT = /tmp/Bean_iOS_Library.dst;
				GCC_PRECOMPILE_PREFIX_HEADER = YES;
				GCC_PREFIX_HEADER = "Bean OSX Library/Bean iOS Library-Prefix.pch";
				GCC_PREPROCESSOR_DEFINITIONS = (
					"DEBUG=1",
					"$(inherited)",
				);
				GCC_WARN_UNINITIALIZED_AUTOS = YES_AGGRESSIVE;
				IPHONEOS_DEPLOYMENT_TARGET = 7.1;
				OTHER_LDFLAGS = "-ObjC";
				PRODUCT_NAME = "$(TARGET_NAME)";
				SDKROOT = iphoneos;
				SKIP_INSTALL = YES;
			};
			name = Debug;
		};
		969B89671908951F00AA093C /* Release */ = {
			isa = XCBuildConfiguration;
			buildSettings = {
				CLANG_ENABLE_MODULES = YES;
				CONFIGURATION_BUILD_DIR = "$(BUILD_DIR)/$(CONFIGURATION)";
				DSTROOT = /tmp/Bean_iOS_Library.dst;
				GCC_PRECOMPILE_PREFIX_HEADER = YES;
				GCC_PREFIX_HEADER = "Bean OSX Library/Bean iOS Library-Prefix.pch";
				GCC_WARN_UNINITIALIZED_AUTOS = YES_AGGRESSIVE;
				IPHONEOS_DEPLOYMENT_TARGET = 7.1;
				OTHER_LDFLAGS = "-ObjC";
				PRODUCT_NAME = "$(TARGET_NAME)";
				SDKROOT = iphoneos;
				SKIP_INSTALL = YES;
				VALIDATE_PRODUCT = YES;
			};
			name = Release;
		};
/* End XCBuildConfiguration section */

/* Begin XCConfigurationList section */
		36DD08991C8F8AC700E06214 /* Build configuration list for PBXNativeTarget "OS X Integration Tests" */ = {
			isa = XCConfigurationList;
			buildConfigurations = (
				36DD089A1C8F8AC700E06214 /* Debug */,
				36DD089B1C8F8AC700E06214 /* Release */,
			);
			defaultConfigurationIsVisible = 0;
			defaultConfigurationName = Release;
		};
		52316FB91939629F00512C74 /* Build configuration list for PBXAggregateTarget "Generate Appledoc" */ = {
			isa = XCConfigurationList;
			buildConfigurations = (
				52316FB71939629F00512C74 /* Debug */,
				52316FB81939629F00512C74 /* Release */,
			);
			defaultConfigurationIsVisible = 0;
			defaultConfigurationName = Release;
		};
		52D34E1F18A9B455002F0C59 /* Build configuration list for PBXProject "Bean OSX Library" */ = {
			isa = XCConfigurationList;
			buildConfigurations = (
				52D34E4618A9B455002F0C59 /* Debug */,
				52D34E4718A9B455002F0C59 /* Release */,
			);
			defaultConfigurationIsVisible = 0;
			defaultConfigurationName = Release;
		};
		52D34E4818A9B455002F0C59 /* Build configuration list for PBXNativeTarget "Bean OSX Library" */ = {
			isa = XCConfigurationList;
			buildConfigurations = (
				52D34E4918A9B455002F0C59 /* Debug */,
				52D34E4A18A9B455002F0C59 /* Release */,
			);
			defaultConfigurationIsVisible = 0;
			defaultConfigurationName = Release;
		};
		52D34E4B18A9B455002F0C59 /* Build configuration list for PBXNativeTarget "OS X Unit Tests" */ = {
			isa = XCConfigurationList;
			buildConfigurations = (
				52D34E4C18A9B455002F0C59 /* Debug */,
				52D34E4D18A9B455002F0C59 /* Release */,
			);
			defaultConfigurationIsVisible = 0;
			defaultConfigurationName = Release;
		};
		969B896A1908951F00AA093C /* Build configuration list for PBXNativeTarget "Bean iOS Library" */ = {
			isa = XCConfigurationList;
			buildConfigurations = (
				969B89661908951F00AA093C /* Debug */,
				969B89671908951F00AA093C /* Release */,
			);
			defaultConfigurationIsVisible = 0;
			defaultConfigurationName = Release;
		};
/* End XCConfigurationList section */
	};
	rootObject = 52D34E1C18A9B455002F0C59 /* Project object */;
}
